
Microsoft Visual Studio Solution File, Format Version 12.00
# Visual Studio Version 16
VisualStudioVersion = 16.0.29728.190
MinimumVisualStudioVersion = 10.0.40219.1
Project("{9A19103F-16F7-4668-BE54-9A1E7A4F7556}") = "ReactBot.App", "ReactBot.App\ReactBot.App.csproj", "{1CEE91DA-0BA0-40A7-AA83-67A6539085ED}"
EndProject
Global
	GlobalSection(SolutionConfigurationPlatforms) = preSolution
		Debug|Any CPU = Debug|Any CPU
		Release|Any CPU = Release|Any CPU
	EndGlobalSection
	GlobalSection(ProjectConfigurationPlatforms) = postSolution
		{1CEE91DA-0BA0-40A7-AA83-67A6539085ED}.Debug|Any CPU.ActiveCfg = Debug|Any CPU
		{1CEE91DA-0BA0-40A7-AA83-67A6539085ED}.Debug|Any CPU.Build.0 = Debug|Any CPU
		{1CEE91DA-0BA0-40A7-AA83-67A6539085ED}.Release|Any CPU.ActiveCfg = Release|Any CPU
		{1CEE91DA-0BA0-40A7-AA83-67A6539085ED}.Release|Any CPU.Build.0 = Release|Any CPU
	EndGlobalSection
	GlobalSection(SolutionProperties) = preSolution
		HideSolutionNode = FALSE
	EndGlobalSection
	GlobalSection(ExtensibilityGlobals) = postSolution
		SolutionGuid = {52736B6B-38FD-45D3-8241-B669D2259E76}
	EndGlobalSection
EndGlobal
